
Microsoft Visual Studio Solution File, Format Version 12.00
# Visual Studio Version 17
VisualStudioVersion = 17.11.35327.3
MinimumVisualStudioVersion = 10.0.40219.1
Project("{9A19103F-16F7-4668-BE54-9A1E7A4F7556}") = "T1NumberToWords", "T1NumberToWords.csproj", "{02EB6A34-0C58-414A-874A-24AEA55E0AE2}"
EndProject
Global
	GlobalSection(SolutionConfigurationPlatforms) = preSolution
		Debug|Any CPU = Debug|Any CPU
		Release|Any CPU = Release|Any CPU
	EndGlobalSection
	GlobalSection(ProjectConfigurationPlatforms) = postSolution
		{02EB6A34-0C58-414A-874A-24AEA55E0AE2}.Debug|Any CPU.ActiveCfg = Debug|Any CPU
		{02EB6A34-0C58-414A-874A-24AEA55E0AE2}.Debug|Any CPU.Build.0 = Debug|Any CPU
		{02EB6A34-0C58-414A-874A-24AEA55E0AE2}.Release|Any CPU.ActiveCfg = Release|Any CPU
		{02EB6A34-0C58-414A-874A-24AEA55E0AE2}.Release|Any CPU.Build.0 = Release|Any CPU
	EndGlobalSection
	GlobalSection(SolutionProperties) = preSolution
		HideSolutionNode = FALSE
	EndGlobalSection
	GlobalSection(ExtensibilityGlobals) = postSolution
		SolutionGuid = {D65AEDC2-2654-4B68-98F1-99494ABF5A50}
	EndGlobalSection
EndGlobal
